
Microsoft Visual Studio Solution File, Format Version 12.00
# Visual Studio Version 17
VisualStudioVersion = 17.8.34330.188
MinimumVisualStudioVersion = 10.0.40219.1
Project("{FAE04EC0-301F-11D3-BF4B-00C04F79EFBC}") = "StoreManagement", "StoreManagement.csproj", "{15752A96-884E-4DC8-B846-9CCC8C759AAB}"
EndProject
Global
	GlobalSection(SolutionConfigurationPlatforms) = preSolution
		Debug|Any CPU = Debug|Any CPU
		Release|Any CPU = Release|Any CPU
	EndGlobalSection
	GlobalSection(ProjectConfigurationPlatforms) = postSolution
		{15752A96-884E-4DC8-B846-9CCC8C759AAB}.Debug|Any CPU.ActiveCfg = Debug|Any CPU
		{15752A96-884E-4DC8-B846-9CCC8C759AAB}.Debug|Any CPU.Build.0 = Debug|Any CPU
		{15752A96-884E-4DC8-B846-9CCC8C759AAB}.Release|Any CPU.ActiveCfg = Release|Any CPU
		{15752A96-884E-4DC8-B846-9CCC8C759AAB}.Release|Any CPU.Build.0 = Release|Any CPU
	EndGlobalSection
	GlobalSection(SolutionProperties) = preSolution
		HideSolutionNode = FALSE
	EndGlobalSection
	GlobalSection(ExtensibilityGlobals) = postSolution
		SolutionGuid = {259A452A-C9A4-4CBB-9E38-74C81922CEDC}
	EndGlobalSection
EndGlobal
